// !$*UTF8*$!
{
	archiveVersion = 1;
	classes = {
	};
	objectVersion = 50;
	objects = {

/* Begin PBXBuildFile section */
		A0EF6383263570A5007A6FA5 /* AppDelegate.swift in Sources */ = {isa = PBXBuildFile; fileRef = A0EF6382263570A5007A6FA5 /* AppDelegate.swift */; };
		A0EF6385263570A5007A6FA5 /* SceneDelegate.swift in Sources */ = {isa = PBXBuildFile; fileRef = A0EF6384263570A5007A6FA5 /* SceneDelegate.swift */; };
		A0EF6387263570A5007A6FA5 /* ViewController.swift in Sources */ = {isa = PBXBuildFile; fileRef = A0EF6386263570A5007A6FA5 /* ViewController.swift */; };
		A0EF638A263570A5007A6FA5 /* Main.storyboard in Resources */ = {isa = PBXBuildFile; fileRef = A0EF6388263570A5007A6FA5 /* Main.storyboard */; };
		A0EF638C263570AB007A6FA5 /* Assets.xcassets in Resources */ = {isa = PBXBuildFile; fileRef = A0EF638B263570AB007A6FA5 /* Assets.xcassets */; };
		A0EF638F263570AB007A6FA5 /* LaunchScreen.storyboard in Resources */ = {isa = PBXBuildFile; fileRef = A0EF638D263570AB007A6FA5 /* LaunchScreen.storyboard */; };
		A0EF639826357326007A6FA5 /* ResultViewController.swift in Sources */ = {isa = PBXBuildFile; fileRef = A0EF639726357326007A6FA5 /* ResultViewController.swift */; };
		A0EF639B26357D29007A6FA5 /* ダウンロード1.jpeg in Resources */ = {isa = PBXBuildFile; fileRef = A0EF639A26357D29007A6FA5 /* ダウンロード1.jpeg */; };
		A0EF639E26357D31007A6FA5 /* ダウンロード2.jpeg in Resources */ = {isa = PBXBuildFile; fileRef = A0EF639D26357D31007A6FA5 /* ダウンロード2.jpeg */; };
		A0EF63A126357D3A007A6FA5 /* ダウンロード3.jpeg in Resources */ = {isa = PBXBuildFile; fileRef = A0EF63A026357D39007A6FA5 /* ダウンロード3.jpeg */; };
		A0EF63A426357D40007A6FA5 /* ダウンロード4.jpeg in Resources */ = {isa = PBXBuildFile; fileRef = A0EF63A326357D40007A6FA5 /* ダウンロード4.jpeg */; };
/* End PBXBuildFile section */

/* Begin PBXFileReference section */
		A0EF637F263570A5007A6FA5 /* SlideshowApp.app */ = {isa = PBXFileReference; explicitFileType = wrapper.application; includeInIndex = 0; path = SlideshowApp.app; sourceTree = BUILT_PRODUCTS_DIR; };
		A0EF6382263570A5007A6FA5 /* AppDelegate.swift */ = {isa = PBXFileReference; lastKnownFileType = sourcecode.swift; path = AppDelegate.swift; sourceTree = "<group>"; };
		A0EF6384263570A5007A6FA5 /* SceneDelegate.swift */ = {isa = PBXFileReference; lastKnownFileType = sourcecode.swift; path = SceneDelegate.swift; sourceTree = "<group>"; };
		A0EF6386263570A5007A6FA5 /* ViewController.swift */ = {isa = PBXFileReference; lastKnownFileType = sourcecode.swift; path = ViewController.swift; sourceTree = "<group>"; };
		A0EF6389263570A5007A6FA5 /* Base */ = {isa = PBXFileReference; lastKnownFileType = file.storyboard; name = Base; path = Base.lproj/Main.storyboard; sourceTree = "<group>"; };
		A0EF638B263570AB007A6FA5 /* Assets.xcassets */ = {isa = PBXFileReference; lastKnownFileType = folder.assetcatalog; path = Assets.xcassets; sourceTree = "<group>"; };
		A0EF638E263570AB007A6FA5 /* Base */ = {isa = PBXFileReference; lastKnownFileType = file.storyboard; name = Base; path = Base.lproj/LaunchScreen.storyboard; sourceTree = "<group>"; };
		A0EF6390263570AC007A6FA5 /* Info.plist */ = {isa = PBXFileReference; lastKnownFileType = text.plist.xml; path = Info.plist; sourceTree = "<group>"; };
		A0EF639726357326007A6FA5 /* ResultViewController.swift */ = {isa = PBXFileReference; lastKnownFileType = sourcecode.swift; path = ResultViewController.swift; sourceTree = "<group>"; };
		A0EF639A26357D29007A6FA5 /* ダウンロード1.jpeg */ = {isa = PBXFileReference; lastKnownFileType = image.jpeg; path = "ダウンロード1.jpeg"; sourceTree = "<group>"; };
		A0EF639D26357D31007A6FA5 /* ダウンロード2.jpeg */ = {isa = PBXFileReference; lastKnownFileType = image.jpeg; path = "ダウンロード2.jpeg"; sourceTree = "<group>"; };
		A0EF63A026357D39007A6FA5 /* ダウンロード3.jpeg */ = {isa = PBXFileReference; lastKnownFileType = image.jpeg; path = "ダウンロード3.jpeg"; sourceTree = "<group>"; };
		A0EF63A326357D40007A6FA5 /* ダウンロード4.jpeg */ = {isa = PBXFileReference; lastKnownFileType = image.jpeg; path = "ダウンロード4.jpeg"; sourceTree = "<group>"; };
/* End PBXFileReference section */

/* Begin PBXFrameworksBuildPhase section */
		A0EF637C263570A5007A6FA5 /* Frameworks */ = {
			isa = PBXFrameworksBuildPhase;
			buildActionMask = 2147483647;
			files = (
			);
			runOnlyForDeploymentPostprocessing = 0;
		};
/* End PBXFrameworksBuildPhase section */

/* Begin PBXGroup section */
		A0EF6376263570A5007A6FA5 = {
			isa = PBXGroup;
			children = (
				A0EF639A26357D29007A6FA5 /* ダウンロード1.jpeg */,
				A0EF639D26357D31007A6FA5 /* ダウンロード2.jpeg */,
				A0EF63A026357D39007A6FA5 /* ダウンロード3.jpeg */,
				A0EF63A326357D40007A6FA5 /* ダウンロード4.jpeg */,
				A0EF6381263570A5007A6FA5 /* SlideshowApp */,
				A0EF6380263570A5007A6FA5 /* Products */,
			);
			sourceTree = "<group>";
		};
		A0EF6380263570A5007A6FA5 /* Products */ = {
			isa = PBXGroup;
			children = (
				A0EF637F263570A5007A6FA5 /* SlideshowApp.app */,
			);
			name = Products;
			sourceTree = "<group>";
		};
		A0EF6381263570A5007A6FA5 /* SlideshowApp */ = {
			isa = PBXGroup;
			children = (
				A0EF6382263570A5007A6FA5 /* AppDelegate.swift */,
				A0EF6384263570A5007A6FA5 /* SceneDelegate.swift */,
				A0EF6386263570A5007A6FA5 /* ViewController.swift */,
				A0EF639726357326007A6FA5 /* ResultViewController.swift */,
				A0EF6388263570A5007A6FA5 /* Main.storyboard */,
				A0EF638B263570AB007A6FA5 /* Assets.xcassets */,
				A0EF638D263570AB007A6FA5 /* LaunchScreen.storyboard */,
				A0EF6390263570AC007A6FA5 /* Info.plist */,
			);
			path = SlideshowApp;
			sourceTree = "<group>";
		};
/* End PBXGroup section */

/* Begin PBXNativeTarget section */
		A0EF637E263570A5007A6FA5 /* SlideshowApp */ = {
			isa = PBXNativeTarget;
			buildConfigurationList = A0EF6393263570AC007A6FA5 /* Build configuration list for PBXNativeTarget "SlideshowApp" */;
			buildPhases = (
				A0EF637B263570A5007A6FA5 /* Sources */,
				A0EF637C263570A5007A6FA5 /* Frameworks */,
				A0EF637D263570A5007A6FA5 /* Resources */,
			);
			buildRules = (
			);
			dependencies = (
			);
			name = SlideshowApp;
			productName = SlideshowApp;
			productReference = A0EF637F263570A5007A6FA5 /* SlideshowApp.app */;
			productType = "com.apple.product-type.application";
		};
/* End PBXNativeTarget section */

/* Begin PBXProject section */
		A0EF6377263570A5007A6FA5 /* Project object */ = {
			isa = PBXProject;
			attributes = {
				LastSwiftUpdateCheck = 1220;
				LastUpgradeCheck = 1220;
				TargetAttributes = {
					A0EF637E263570A5007A6FA5 = {
						CreatedOnToolsVersion = 12.2;
					};
				};
			};
			buildConfigurationList = A0EF637A263570A5007A6FA5 /* Build configuration list for PBXProject "SlideshowApp" */;
			compatibilityVersion = "Xcode 9.3";
			developmentRegion = en;
			hasScannedForEncodings = 0;
			knownRegions = (
				en,
				Base,
			);
			mainGroup = A0EF6376263570A5007A6FA5;
			productRefGroup = A0EF6380263570A5007A6FA5 /* Products */;
			projectDirPath = "";
			projectRoot = "";
			targets = (
				A0EF637E263570A5007A6FA5 /* SlideshowApp */,
			);
		};
/* End PBXProject section */

/* Begin PBXResourcesBuildPhase section */
		A0EF637D263570A5007A6FA5 /* Resources */ = {
			isa = PBXResourcesBuildPhase;
			buildActionMask = 2147483647;
			files = (
				A0EF638F263570AB007A6FA5 /* LaunchScreen.storyboard in Resources */,
				A0EF638C263570AB007A6FA5 /* Assets.xcassets in Resources */,
				A0EF63A426357D40007A6FA5 /* ダウンロード4.jpeg in Resources */,
				A0EF639B26357D29007A6FA5 /* ダウンロード1.jpeg in Resources */,
				A0EF638A263570A5007A6FA5 /* Main.storyboard in Resources */,
				A0EF63A126357D3A007A6FA5 /* ダウンロード3.jpeg in Resources */,
				A0EF639E26357D31007A6FA5 /* ダウンロード2.jpeg in Resources */,
			);
			runOnlyForDeploymentPostprocessing = 0;
		};
/* End PBXResourcesBuildPhase section */

/* Begin PBXSourcesBuildPhase section */
		A0EF637B263570A5007A6FA5 /* Sources */ = {
			isa = PBXSourcesBuildPhase;
			buildActionMask = 2147483647;
			files = (
				A0EF6387263570A5007A6FA5 /* ViewController.swift in Sources */,
				A0EF6383263570A5007A6FA5 /* AppDelegate.swift in Sources */,
				A0EF6385263570A5007A6FA5 /* SceneDelegate.swift in Sources */,
				A0EF639826357326007A6FA5 /* ResultViewController.swift in Sources */,
			);
			runOnlyForDeploymentPostprocessing = 0;
		};
/* End PBXSourcesBuildPhase section */

/* Begin PBXVariantGroup section */
		A0EF6388263570A5007A6FA5 /* Main.storyboard */ = {
			isa = PBXVariantGroup;
			children = (
				A0EF6389263570A5007A6FA5 /* Base */,
			);
			name = Main.storyboard;
			sourceTree = "<group>";
		};
		A0EF638D263570AB007A6FA5 /* LaunchScreen.storyboard */ = {
			isa = PBXVariantGroup;
			children = (
				A0EF638E263570AB007A6FA5 /* Base */,
			);
			name = LaunchScreen.storyboard;
			sourceTree = "<group>";
		};
/* End PBXVariantGroup section */

/* Begin XCBuildConfiguration section */
		A0EF6391263570AC007A6FA5 /* Debug */ = {
			isa = XCBuildConfiguration;
			buildSettings = {
				ALWAYS_SEARCH_USER_PATHS = NO;
				CLANG_ANALYZER_NONNULL = YES;
				CLANG_ANALYZER_NUMBER_OBJECT_CONVERSION = YES_AGGRESSIVE;
				CLANG_CXX_LANGUAGE_STANDARD = "gnu++14";
				CLANG_CXX_LIBRARY = "libc++";
				CLANG_ENABLE_MODULES = YES;
				CLANG_ENABLE_OBJC_ARC = YES;
				CLANG_ENABLE_OBJC_WEAK = YES;
				CLANG_WARN_BLOCK_CAPTURE_AUTORELEASING = YES;
				CLANG_WARN_BOOL_CONVERSION = YES;
				CLANG_WARN_COMMA = YES;
				CLANG_WARN_CONSTANT_CONVERSION = YES;
				CLANG_WARN_DEPRECATED_OBJC_IMPLEMENTATIONS = YES;
				CLANG_WARN_DIRECT_OBJC_ISA_USAGE = YES_ERROR;
				CLANG_WARN_DOCUMENTATION_COMMENTS = YES;
				CLANG_WARN_EMPTY_BODY = YES;
				CLANG_WARN_ENUM_CONVERSION = YES;
				CLANG_WARN_INFINITE_RECURSION = YES;
				CLANG_WARN_INT_CONVERSION = YES;
				CLANG_WARN_NON_LITERAL_NULL_CONVERSION = YES;
				CLANG_WARN_OBJC_IMPLICIT_RETAIN_SELF = YES;
				CLANG_WARN_OBJC_LITERAL_CONVERSION = YES;
				CLANG_WARN_OBJC_ROOT_CLASS = YES_ERROR;
				CLANG_WARN_QUOTED_INCLUDE_IN_FRAMEWORK_HEADER = YES;
				CLANG_WARN_RANGE_LOOP_ANALYSIS = YES;
				CLANG_WARN_STRICT_PROTOTYPES = YES;
				CLANG_WARN_SUSPICIOUS_MOVE = YES;
				CLANG_WARN_UNGUARDED_AVAILABILITY = YES_AGGRESSIVE;
				CLANG_WARN_UNREACHABLE_CODE = YES;
				CLANG_WARN__DUPLICATE_METHOD_MATCH = YES;
				COPY_PHASE_STRIP = NO;
				DEBUG_INFORMATION_FORMAT = dwarf;
				ENABLE_STRICT_OBJC_MSGSEND = YES;
				ENABLE_TESTABILITY = YES;
				GCC_C_LANGUAGE_STANDARD = gnu11;
				GCC_DYNAMIC_NO_PIC = NO;
				GCC_NO_COMMON_BLOCKS = YES;
				GCC_OPTIMIZATION_LEVEL = 0;
				GCC_PREPROCESSOR_DEFINITIONS = (
					"DEBUG=1",
					"$(inherited)",
				);
				GCC_WARN_64_TO_32_BIT_CONVERSION = YES;
				GCC_WARN_ABOUT_RETURN_TYPE = YES_ERROR;
				GCC_WARN_UNDECLARED_SELECTOR = YES;
				GCC_WARN_UNINITIALIZED_AUTOS = YES_AGGRESSIVE;
				GCC_WARN_UNUSED_FUNCTION = YES;
				GCC_WARN_UNUSED_VARIABLE = YES;
				IPHONEOS_DEPLOYMENT_TARGET = 14.2;
				MTL_ENABLE_DEBUG_INFO = INCLUDE_SOURCE;
				MTL_FAST_MATH = YES;
				ONLY_ACTIVE_ARCH = YES;
				SDKROOT = iphoneos;
				SWIFT_ACTIVE_COMPILATION_CONDITIONS = DEBUG;
				SWIFT_OPTIMIZATION_LEVEL = "-Onone";
			};
			name = Debug;
		};
		A0EF6392263570AC007A6FA5 /* Release */ = {
			isa = XCBuildConfiguration;
			buildSettings = {
				ALWAYS_SEARCH_USER_PATHS = NO;
				CLANG_ANALYZER_NONNULL = YES;
				CLANG_ANALYZER_NUMBER_OBJECT_CONVERSION = YES_AGGRESSIVE;
				CLANG_CXX_LANGUAGE_STANDARD = "gnu++14";
				CLANG_CXX_LIBRARY = "libc++";
				CLANG_ENABLE_MODULES = YES;
				CLANG_ENABLE_OBJC_ARC = YES;
				CLANG_ENABLE_OBJC_WEAK = YES;
				CLANG_WARN_BLOCK_CAPTURE_AUTORELEASING = YES;
				CLANG_WARN_BOOL_CONVERSION = YES;
				CLANG_WARN_COMMA = YES;
				CLANG_WARN_CONSTANT_CONVERSION = YES;
				CLANG_WARN_DEPRECATED_OBJC_IMPLEMENTATIONS = YES;
				CLANG_WARN_DIRECT_OBJC_ISA_USAGE = YES_ERROR;
				CLANG_WARN_DOCUMENTATION_COMMENTS = YES;
				CLANG_WARN_EMPTY_BODY = YES;
				CLANG_WARN_ENUM_CONVERSION = YES;
				CLANG_WARN_INFINITE_RECURSION = YES;
				CLANG_WARN_INT_CONVERSION = YES;
				CLANG_WARN_NON_LITERAL_NULL_CONVERSION = YES;
				CLANG_WARN_OBJC_IMPLICIT_RETAIN_SELF = YES;
				CLANG_WARN_OBJC_LITERAL_CONVERSION = YES;
				CLANG_WARN_OBJC_ROOT_CLASS = YES_ERROR;
				CLANG_WARN_QUOTED_INCLUDE_IN_FRAMEWORK_HEADER = YES;
				CLANG_WARN_RANGE_LOOP_ANALYSIS = YES;
				CLANG_WARN_STRICT_PROTOTYPES = YES;
				CLANG_WARN_SUSPICIOUS_MOVE = YES;
				CLANG_WARN_UNGUARDED_AVAILABILITY = YES_AGGRESSIVE;
				CLANG_WARN_UNREACHABLE_CODE = YES;
				CLANG_WARN__DUPLICATE_METHOD_MATCH = YES;
				COPY_PHASE_STRIP = NO;
				DEBUG_INFORMATION_FORMAT = "dwarf-with-dsym";
				ENABLE_NS_ASSERTIONS = NO;
				ENABLE_STRICT_OBJC_MSGSEND = YES;
				GCC_C_LANGUAGE_STANDARD = gnu11;
				GCC_NO_COMMON_BLOCKS = YES;
				GCC_WARN_64_TO_32_BIT_CONVERSION = YES;
				GCC_WARN_ABOUT_RETURN_TYPE = YES_ERROR;
				GCC_WARN_UNDECLARED_SELECTOR = YES;
				GCC_WARN_UNINITIALIZED_AUTOS = YES_AGGRESSIVE;
				GCC_WARN_UNUSED_FUNCTION = YES;
				GCC_WARN_UNUSED_VARIABLE = YES;
				IPHONEOS_DEPLOYMENT_TARGET = 14.2;
				MTL_ENABLE_DEBUG_INFO = NO;
				MTL_FAST_MATH = YES;
				SDKROOT = iphoneos;
				SWIFT_COMPILATION_MODE = wholemodule;
				SWIFT_OPTIMIZATION_LEVEL = "-O";
				VALIDATE_PRODUCT = YES;
			};
			name = Release;
		};
		A0EF6394263570AC007A6FA5 /* Debug */ = {
			isa = XCBuildConfiguration;
			buildSettings = {
				ASSETCATALOG_COMPILER_APPICON_NAME = AppIcon;
				ASSETCATALOG_COMPILER_GLOBAL_ACCENT_COLOR_NAME = AccentColor;
				CODE_SIGN_STYLE = Automatic;
				INFOPLIST_FILE = SlideshowApp/Info.plist;
				LD_RUNPATH_SEARCH_PATHS = (
					"$(inherited)",
					"@executable_path/Frameworks",
				);
				PRODUCT_BUNDLE_IDENTIFIER = jp.techacademy.tarao.kirameki.SlideshowApp;
				PRODUCT_NAME = "$(TARGET_NAME)";
				SWIFT_VERSION = 5.0;
				TARGETED_DEVICE_FAMILY = "1,2";
			};
			name = Debug;
		};
		A0EF6395263570AC007A6FA5 /* Release */ = {
			isa = XCBuildConfiguration;
			buildSettings = {
				ASSETCATALOG_COMPILER_APPICON_NAME = AppIcon;
				ASSETCATALOG_COMPILER_GLOBAL_ACCENT_COLOR_NAME = AccentColor;
				CODE_SIGN_STYLE = Automatic;
				INFOPLIST_FILE = SlideshowApp/Info.plist;
				LD_RUNPATH_SEARCH_PATHS = (
					"$(inherited)",
					"@executable_path/Frameworks",
				);
				PRODUCT_BUNDLE_IDENTIFIER = jp.techacademy.tarao.kirameki.SlideshowApp;
				PRODUCT_NAME = "$(TARGET_NAME)";
				SWIFT_VERSION = 5.0;
				TARGETED_DEVICE_FAMILY = "1,2";
			};
			name = Release;
		};
/* End XCBuildConfiguration section */

/* Begin XCConfigurationList section */
		A0EF637A263570A5007A6FA5 /* Build configuration list for PBXProject "SlideshowApp" */ = {
			isa = XCConfigurationList;
			buildConfigurations = (
				A0EF6391263570AC007A6FA5 /* Debug */,
				A0EF6392263570AC007A6FA5 /* Release */,
			);
			defaultConfigurationIsVisible = 0;
			defaultConfigurationName = Release;
		};
		A0EF6393263570AC007A6FA5 /* Build configuration list for PBXNativeTarget "SlideshowApp" */ = {
			isa = XCConfigurationList;
			buildConfigurations = (
				A0EF6394263570AC007A6FA5 /* Debug */,
				A0EF6395263570AC007A6FA5 /* Release */,
			);
			defaultConfigurationIsVisible = 0;
			defaultConfigurationName = Release;
		};
/* End XCConfigurationList section */
	};
	rootObject = A0EF6377263570A5007A6FA5 /* Project object */;
}
